// !$*UTF8*$!
{
	archiveVersion = 1;
	classes = {
	};
	objectVersion = 46;
	objects = {

/* Begin PBXBuildFile section */
		43041D491D1AB81000CC4DC6 /* multimediaGallery.swift in Sources */ = {isa = PBXBuildFile; fileRef = 43041D481D1AB81000CC4DC6 /* multimediaGallery.swift */; };
		431926521D1BC67F0047F831 /* galleryCell.swift in Sources */ = {isa = PBXBuildFile; fileRef = 431926511D1BC67F0047F831 /* galleryCell.swift */; };
		431AB14A1D1977860032D4EF /* kalenderTVC.swift in Sources */ = {isa = PBXBuildFile; fileRef = 431AB1491D1977860032D4EF /* kalenderTVC.swift */; };
		4324104D1D38F17E00291A27 /* bistroMagusiiZeitenTVC.swift in Sources */ = {isa = PBXBuildFile; fileRef = 4324104C1D38F17E00291A27 /* bistroMagusiiZeitenTVC.swift */; };
		4327B1CC1D206B1D00FECD6A /* activityIndicatorV.swift in Sources */ = {isa = PBXBuildFile; fileRef = 4327B1CB1D206B1D00FECD6A /* activityIndicatorV.swift */; };
		433FC1C21D89779C002D33C5 /* genderVC.swift in Sources */ = {isa = PBXBuildFile; fileRef = 433FC1C11D89779C002D33C5 /* genderVC.swift */; };
		435EFBEA1D08335D003A0C0C /* AppDelegate.swift in Sources */ = {isa = PBXBuildFile; fileRef = 435EFBE91D08335D003A0C0C /* AppDelegate.swift */; };
		435EFBEC1D08335D003A0C0C /* MasterViewController.swift in Sources */ = {isa = PBXBuildFile; fileRef = 435EFBEB1D08335D003A0C0C /* MasterViewController.swift */; };
		435EFBEE1D08335D003A0C0C /* DetailViewController.swift in Sources */ = {isa = PBXBuildFile; fileRef = 435EFBED1D08335D003A0C0C /* DetailViewController.swift */; };
		435EFBF11D08335D003A0C0C /* Main.storyboard in Resources */ = {isa = PBXBuildFile; fileRef = 435EFBEF1D08335D003A0C0C /* Main.storyboard */; };
		435EFBF31D08335D003A0C0C /* Assets.xcassets in Resources */ = {isa = PBXBuildFile; fileRef = 435EFBF21D08335D003A0C0C /* Assets.xcassets */; };
		435EFBF61D08335D003A0C0C /* LaunchScreen.storyboard in Resources */ = {isa = PBXBuildFile; fileRef = 435EFBF41D08335D003A0C0C /* LaunchScreen.storyboard */; };
		435EFC011D08335D003A0C0C /* ZeneggenTests.swift in Sources */ = {isa = PBXBuildFile; fileRef = 435EFC001D08335D003A0C0C /* ZeneggenTests.swift */; };
		435EFC0C1D08335D003A0C0C /* ZeneggenUITests.swift in Sources */ = {isa = PBXBuildFile; fileRef = 435EFC0B1D08335D003A0C0C /* ZeneggenUITests.swift */; };
		435EFC1A1D083519003A0C0C /* GoogleService-Info.plist in Resources */ = {isa = PBXBuildFile; fileRef = 435EFC191D083519003A0C0C /* GoogleService-Info.plist */; };
		436659F81D634A0600C9BD01 /* universalColors.swift in Sources */ = {isa = PBXBuildFile; fileRef = 436659F71D634A0600C9BD01 /* universalColors.swift */; };
		436659FA1D64502600C9BD01 /* webStandardVC.swift in Sources */ = {isa = PBXBuildFile; fileRef = 436659F91D64502600C9BD01 /* webStandardVC.swift */; };
		436659FC1D6C42CE00C9BD01 /* loginVC.swift in Sources */ = {isa = PBXBuildFile; fileRef = 436659FB1D6C42CE00C9BD01 /* loginVC.swift */; };
		436723C31D77F37300911795 /* standardButton.swift in Sources */ = {isa = PBXBuildFile; fileRef = 436723C21D77F37300911795 /* standardButton.swift */; };
		436723C61D77F70F00911795 /* detailTableCell.swift in Sources */ = {isa = PBXBuildFile; fileRef = 436723C51D77F70F00911795 /* detailTableCell.swift */; };
		436723C81D784BBF00911795 /* rectButton.swift in Sources */ = {isa = PBXBuildFile; fileRef = 436723C71D784BBF00911795 /* rectButton.swift */; };
		436723CA1D784C9200911795 /* secondaryRectButton.swift in Sources */ = {isa = PBXBuildFile; fileRef = 436723C91D784C9200911795 /* secondaryRectButton.swift */; };
		436723CC1D78591C00911795 /* standardText.swift in Sources */ = {isa = PBXBuildFile; fileRef = 436723CB1D78591C00911795 /* standardText.swift */; };
		436723CE1D785EC300911795 /* navigationController.swift in Sources */ = {isa = PBXBuildFile; fileRef = 436723CD1D785EC300911795 /* navigationController.swift */; };
		437087071D09B1380093DD2E /* notificationsWelcomeView.swift in Sources */ = {isa = PBXBuildFile; fileRef = 437087061D09B1380093DD2E /* notificationsWelcomeView.swift */; };
		437357B21D9E96E500C6E2D4 /* LaunchVC.swift in Sources */ = {isa = PBXBuildFile; fileRef = 437357B11D9E96E500C6E2D4 /* LaunchVC.swift */; };
		43A414311D91203400BB35BD /* developerInfoTVC.swift in Sources */ = {isa = PBXBuildFile; fileRef = 43A414301D91203400BB35BD /* developerInfoTVC.swift */; };
		43A476141D0AF83D002F8437 /* secondMasterVC.swift in Sources */ = {isa = PBXBuildFile; fileRef = 43A476131D0AF83D002F8437 /* secondMasterVC.swift */; };
		43A476161D0DBAAB002F8437 /* aktuellesTVC.swift in Sources */ = {isa = PBXBuildFile; fileRef = 43A476151D0DBAAB002F8437 /* aktuellesTVC.swift */; };
		43A476181D105D1D002F8437 /* addNewsVC.swift in Sources */ = {isa = PBXBuildFile; fileRef = 43A476171D105D1D002F8437 /* addNewsVC.swift */; };
		43BCA9BB1D118D0E009044BF /* aktuellesCell.swift in Sources */ = {isa = PBXBuildFile; fileRef = 43BCA9BA1D118D0E009044BF /* aktuellesCell.swift */; };
		43C62E381D7D8DA700763368 /* test.swift in Sources */ = {isa = PBXBuildFile; fileRef = 43C62E371D7D8DA700763368 /* test.swift */; };
		43C62E3C1D7DEF9900763368 /* personDetailTVCell.swift in Sources */ = {isa = PBXBuildFile; fileRef = 43C62E3B1D7DEF9900763368 /* personDetailTVCell.swift */; };
		43DDB16E1D2A7C7500136C0D /* externUniversalMethods.swift in Sources */ = {isa = PBXBuildFile; fileRef = 43DDB16D1D2A7C7500136C0D /* externUniversalMethods.swift */; };
		43DDB1701D2AF9F400136C0D /* uploadMedia.swift in Sources */ = {isa = PBXBuildFile; fileRef = 43DDB16F1D2AF9F400136C0D /* uploadMedia.swift */; };
		43DDB1721D2BB17000136C0D /* bistroMagusiiVC.swift in Sources */ = {isa = PBXBuildFile; fileRef = 43DDB1711D2BB17000136C0D /* bistroMagusiiVC.swift */; };
		43DDB1741D2BC13E00136C0D /* bistroZeitenCell.swift in Sources */ = {isa = PBXBuildFile; fileRef = 43DDB1731D2BC13E00136C0D /* bistroZeitenCell.swift */; };
		43DDB1761D2D35D800136C0D /* addBistroZeitenVC.swift in Sources */ = {isa = PBXBuildFile; fileRef = 43DDB1751D2D35D800136C0D /* addBistroZeitenVC.swift */; };
		43EA20031DB0A314004B9D4B /* emergencyVC.swift in Sources */ = {isa = PBXBuildFile; fileRef = 43EA20021DB0A314004B9D4B /* emergencyVC.swift */; };
		43F892711D6DEE6000074BB1 /* TextField.swift in Sources */ = {isa = PBXBuildFile; fileRef = 43F892701D6DEE6000074BB1 /* TextField.swift */; };
		A9C8205556C3CBE29E5CD500 /* Pods_Zeneggen.framework in Frameworks */ = {isa = PBXBuildFile; fileRef = 9BFE14654AE4CA7627D2AB2F /* Pods_Zeneggen.framework */; };
/* End PBXBuildFile section */

/* Begin PBXContainerItemProxy section */
		435EFBFD1D08335D003A0C0C /* PBXContainerItemProxy */ = {
			isa = PBXContainerItemProxy;
			containerPortal = 435EFBDE1D08335D003A0C0C /* Project object */;
			proxyType = 1;
			remoteGlobalIDString = 435EFBE51D08335D003A0C0C;
			remoteInfo = Zeneggen;
		};
		435EFC081D08335D003A0C0C /* PBXContainerItemProxy */ = {
			isa = PBXContainerItemProxy;
			containerPortal = 435EFBDE1D08335D003A0C0C /* Project object */;
			proxyType = 1;
			remoteGlobalIDString = 435EFBE51D08335D003A0C0C;
			remoteInfo = Zeneggen;
		};
/* End PBXContainerItemProxy section */

/* Begin PBXFileReference section */
		190550BFDA5860C9553FC763 /* Pods-Zeneggen.debug.xcconfig */ = {isa = PBXFileReference; includeInIndex = 1; lastKnownFileType = text.xcconfig; name = "Pods-Zeneggen.debug.xcconfig"; path = "Pods/Target Support Files/Pods-Zeneggen/Pods-Zeneggen.debug.xcconfig"; sourceTree = "<group>"; };
		43041D481D1AB81000CC4DC6 /* multimediaGallery.swift */ = {isa = PBXFileReference; fileEncoding = 4; lastKnownFileType = sourcecode.swift; name = multimediaGallery.swift; path = ../multimediaGallery.swift; sourceTree = "<group>"; };
		431926511D1BC67F0047F831 /* galleryCell.swift */ = {isa = PBXFileReference; fileEncoding = 4; lastKnownFileType = sourcecode.swift; name = galleryCell.swift; path = ../galleryCell.swift; sourceTree = "<group>"; };
		431AB1491D1977860032D4EF /* kalenderTVC.swift */ = {isa = PBXFileReference; fileEncoding = 4; lastKnownFileType = sourcecode.swift; name = kalenderTVC.swift; path = ../kalenderTVC.swift; sourceTree = "<group>"; };
		4324104C1D38F17E00291A27 /* bistroMagusiiZeitenTVC.swift */ = {isa = PBXFileReference; fileEncoding = 4; lastKnownFileType = sourcecode.swift; name = bistroMagusiiZeitenTVC.swift; path = ../bistroMagusiiZeitenTVC.swift; sourceTree = "<group>"; };
		4327B1CB1D206B1D00FECD6A /* activityIndicatorV.swift */ = {isa = PBXFileReference; fileEncoding = 4; lastKnownFileType = sourcecode.swift; name = activityIndicatorV.swift; path = ../activityIndicatorV.swift; sourceTree = "<group>"; };
		433FC1C11D89779C002D33C5 /* genderVC.swift */ = {isa = PBXFileReference; fileEncoding = 4; lastKnownFileType = sourcecode.swift; name = genderVC.swift; path = ../genderVC.swift; sourceTree = "<group>"; };
		435EFBE61D08335D003A0C0C /* Zeneggen.app */ = {isa = PBXFileReference; explicitFileType = wrapper.application; includeInIndex = 0; path = Zeneggen.app; sourceTree = BUILT_PRODUCTS_DIR; };
		435EFBE91D08335D003A0C0C /* AppDelegate.swift */ = {isa = PBXFileReference; lastKnownFileType = sourcecode.swift; path = AppDelegate.swift; sourceTree = "<group>"; };
		435EFBEB1D08335D003A0C0C /* MasterViewController.swift */ = {isa = PBXFileReference; lastKnownFileType = sourcecode.swift; path = MasterViewController.swift; sourceTree = "<group>"; };
		435EFBED1D08335D003A0C0C /* DetailViewController.swift */ = {isa = PBXFileReference; lastKnownFileType = sourcecode.swift; path = DetailViewController.swift; sourceTree = "<group>"; };
		435EFBF01D08335D003A0C0C /* Base */ = {isa = PBXFileReference; lastKnownFileType = file.storyboard; name = Base; path = Base.lproj/Main.storyboard; sourceTree = "<group>"; };
		435EFBF21D08335D003A0C0C /* Assets.xcassets */ = {isa = PBXFileReference; lastKnownFileType = folder.assetcatalog; path = Assets.xcassets; sourceTree = "<group>"; };
		435EFBF51D08335D003A0C0C /* Base */ = {isa = PBXFileReference; lastKnownFileType = file.storyboard; name = Base; path = Base.lproj/LaunchScreen.storyboard; sourceTree = "<group>"; };
		435EFBF71D08335D003A0C0C /* Info.plist */ = {isa = PBXFileReference; lastKnownFileType = text.plist.xml; path = Info.plist; sourceTree = "<group>"; };
		435EFBFC1D08335D003A0C0C /* ZeneggenTests.xctest */ = {isa = PBXFileReference; explicitFileType = wrapper.cfbundle; includeInIndex = 0; path = ZeneggenTests.xctest; sourceTree = BUILT_PRODUCTS_DIR; };
		435EFC001D08335D003A0C0C /* ZeneggenTests.swift */ = {isa = PBXFileReference; lastKnownFileType = sourcecode.swift; path = ZeneggenTests.swift; sourceTree = "<group>"; };
		435EFC021D08335D003A0C0C /* Info.plist */ = {isa = PBXFileReference; lastKnownFileType = text.plist.xml; path = Info.plist; sourceTree = "<group>"; };
		435EFC071D08335D003A0C0C /* ZeneggenUITests.xctest */ = {isa = PBXFileReference; explicitFileType = wrapper.cfbundle; includeInIndex = 0; path = ZeneggenUITests.xctest; sourceTree = BUILT_PRODUCTS_DIR; };
		435EFC0B1D08335D003A0C0C /* ZeneggenUITests.swift */ = {isa = PBXFileReference; lastKnownFileType = sourcecode.swift; path = ZeneggenUITests.swift; sourceTree = "<group>"; };
		435EFC0D1D08335D003A0C0C /* Info.plist */ = {isa = PBXFileReference; lastKnownFileType = text.plist.xml; path = Info.plist; sourceTree = "<group>"; };
		435EFC191D083519003A0C0C /* GoogleService-Info.plist */ = {isa = PBXFileReference; fileEncoding = 4; lastKnownFileType = text.plist.xml; path = "GoogleService-Info.plist"; sourceTree = "<group>"; };
		436659F71D634A0600C9BD01 /* universalColors.swift */ = {isa = PBXFileReference; fileEncoding = 4; lastKnownFileType = sourcecode.swift; name = universalColors.swift; path = ../universalColors.swift; sourceTree = "<group>"; };
		436659F91D64502600C9BD01 /* webStandardVC.swift */ = {isa = PBXFileReference; fileEncoding = 4; lastKnownFileType = sourcecode.swift; name = webStandardVC.swift; path = ../webStandardVC.swift; sourceTree = "<group>"; };
		436659FB1D6C42CE00C9BD01 /* loginVC.swift */ = {isa = PBXFileReference; fileEncoding = 4; lastKnownFileType = sourcecode.swift; name = loginVC.swift; path = ../loginVC.swift; sourceTree = "<group>"; };
		436723C21D77F37300911795 /* standardButton.swift */ = {isa = PBXFileReference; fileEncoding = 4; lastKnownFileType = sourcecode.swift; path = standardButton.swift; sourceTree = "<group>"; };
		436723C51D77F70F00911795 /* detailTableCell.swift */ = {isa = PBXFileReference; fileEncoding = 4; lastKnownFileType = sourcecode.swift; name = detailTableCell.swift; path = ../detailTableCell.swift; sourceTree = "<group>"; };
		436723C71D784BBF00911795 /* rectButton.swift */ = {isa = PBXFileReference; fileEncoding = 4; lastKnownFileType = sourcecode.swift; path = rectButton.swift; sourceTree = "<group>"; };
		436723C91D784C9200911795 /* secondaryRectButton.swift */ = {isa = PBXFileReference; fileEncoding = 4; lastKnownFileType = sourcecode.swift; path = secondaryRectButton.swift; sourceTree = "<group>"; };
		436723CB1D78591C00911795 /* standardText.swift */ = {isa = PBXFileReference; fileEncoding = 4; lastKnownFileType = sourcecode.swift; path = standardText.swift; sourceTree = "<group>"; };
		436723CD1D785EC300911795 /* navigationController.swift */ = {isa = PBXFileReference; fileEncoding = 4; lastKnownFileType = sourcecode.swift; path = navigationController.swift; sourceTree = "<group>"; };
		437087061D09B1380093DD2E /* notificationsWelcomeView.swift */ = {isa = PBXFileReference; fileEncoding = 4; lastKnownFileType = sourcecode.swift; name = notificationsWelcomeView.swift; path = ../notificationsWelcomeView.swift; sourceTree = "<group>"; };
		437357B01D9916BC00C6E2D4 /* Zeneggen.entitlements */ = {isa = PBXFileReference; lastKnownFileType = text.plist.entitlements; path = Zeneggen.entitlements; sourceTree = "<group>"; };
		437357B11D9E96E500C6E2D4 /* LaunchVC.swift */ = {isa = PBXFileReference; fileEncoding = 4; lastKnownFileType = sourcecode.swift; name = LaunchVC.swift; path = ../LaunchVC.swift; sourceTree = "<group>"; };
		43A414301D91203400BB35BD /* developerInfoTVC.swift */ = {isa = PBXFileReference; fileEncoding = 4; lastKnownFileType = sourcecode.swift; name = developerInfoTVC.swift; path = ../developerInfoTVC.swift; sourceTree = "<group>"; };
		43A476131D0AF83D002F8437 /* secondMasterVC.swift */ = {isa = PBXFileReference; fileEncoding = 4; lastKnownFileType = sourcecode.swift; name = secondMasterVC.swift; path = ../secondMasterVC.swift; sourceTree = "<group>"; };
		43A476151D0DBAAB002F8437 /* aktuellesTVC.swift */ = {isa = PBXFileReference; fileEncoding = 4; lastKnownFileType = sourcecode.swift; name = aktuellesTVC.swift; path = ../aktuellesTVC.swift; sourceTree = "<group>"; };
		43A476171D105D1D002F8437 /* addNewsVC.swift */ = {isa = PBXFileReference; fileEncoding = 4; lastKnownFileType = sourcecode.swift; name = addNewsVC.swift; path = ../addNewsVC.swift; sourceTree = "<group>"; };
		43BCA9BA1D118D0E009044BF /* aktuellesCell.swift */ = {isa = PBXFileReference; fileEncoding = 4; lastKnownFileType = sourcecode.swift; name = aktuellesCell.swift; path = ../aktuellesCell.swift; sourceTree = "<group>"; };
		43C62E371D7D8DA700763368 /* test.swift */ = {isa = PBXFileReference; fileEncoding = 4; lastKnownFileType = sourcecode.swift; path = test.swift; sourceTree = "<group>"; };
		43C62E3B1D7DEF9900763368 /* personDetailTVCell.swift */ = {isa = PBXFileReference; fileEncoding = 4; lastKnownFileType = sourcecode.swift; name = personDetailTVCell.swift; path = ../personDetailTVCell.swift; sourceTree = "<group>"; };
		43DDB16D1D2A7C7500136C0D /* externUniversalMethods.swift */ = {isa = PBXFileReference; fileEncoding = 4; lastKnownFileType = sourcecode.swift; name = externUniversalMethods.swift; path = ../externUniversalMethods.swift; sourceTree = "<group>"; };
		43DDB16F1D2AF9F400136C0D /* uploadMedia.swift */ = {isa = PBXFileReference; fileEncoding = 4; lastKnownFileType = sourcecode.swift; name = uploadMedia.swift; path = ../uploadMedia.swift; sourceTree = "<group>"; };
		43DDB1711D2BB17000136C0D /* bistroMagusiiVC.swift */ = {isa = PBXFileReference; fileEncoding = 4; lastKnownFileType = sourcecode.swift; name = bistroMagusiiVC.swift; path = ../bistroMagusiiVC.swift; sourceTree = "<group>"; };
		43DDB1731D2BC13E00136C0D /* bistroZeitenCell.swift */ = {isa = PBXFileReference; fileEncoding = 4; lastKnownFileType = sourcecode.swift; name = bistroZeitenCell.swift; path = ../bistroZeitenCell.swift; sourceTree = "<group>"; };
		43DDB1751D2D35D800136C0D /* addBistroZeitenVC.swift */ = {isa = PBXFileReference; fileEncoding = 4; lastKnownFileType = sourcecode.swift; name = addBistroZeitenVC.swift; path = ../addBistroZeitenVC.swift; sourceTree = "<group>"; };
		43EA20021DB0A314004B9D4B /* emergencyVC.swift */ = {isa = PBXFileReference; fileEncoding = 4; lastKnownFileType = sourcecode.swift; name = emergencyVC.swift; path = ../emergencyVC.swift; sourceTree = "<group>"; };
		43F892701D6DEE6000074BB1 /* TextField.swift */ = {isa = PBXFileReference; fileEncoding = 4; lastKnownFileType = sourcecode.swift; path = TextField.swift; sourceTree = "<group>"; };
		9BFE14654AE4CA7627D2AB2F /* Pods_Zeneggen.framework */ = {isa = PBXFileReference; explicitFileType = wrapper.framework; includeInIndex = 0; path = Pods_Zeneggen.framework; sourceTree = BUILT_PRODUCTS_DIR; };
		9CD28A858773275AF2B98F16 /* Pods-Zeneggen.release.xcconfig */ = {isa = PBXFileReference; includeInIndex = 1; lastKnownFileType = text.xcconfig; name = "Pods-Zeneggen.release.xcconfig"; path = "Pods/Target Support Files/Pods-Zeneggen/Pods-Zeneggen.release.xcconfig"; sourceTree = "<group>"; };
/* End PBXFileReference section */

/* Begin PBXFrameworksBuildPhase section */
		435EFBE31D08335D003A0C0C /* Frameworks */ = {
			isa = PBXFrameworksBuildPhase;
			buildActionMask = 2147483647;
			files = (
				A9C8205556C3CBE29E5CD500 /* Pods_Zeneggen.framework in Frameworks */,
			);
			runOnlyForDeploymentPostprocessing = 0;
		};
		435EFBF91D08335D003A0C0C /* Frameworks */ = {
			isa = PBXFrameworksBuildPhase;
			buildActionMask = 2147483647;
			files = (
			);
			runOnlyForDeploymentPostprocessing = 0;
		};
		435EFC041D08335D003A0C0C /* Frameworks */ = {
			isa = PBXFrameworksBuildPhase;
			buildActionMask = 2147483647;
			files = (
			);
			runOnlyForDeploymentPostprocessing = 0;
		};
/* End PBXFrameworksBuildPhase section */

/* Begin PBXGroup section */
		435EFBDD1D08335D003A0C0C = {
			isa = PBXGroup;
			children = (
				43C62E371D7D8DA700763368 /* test.swift */,
				435EFBEF1D08335D003A0C0C /* Main.storyboard */,
				435EFBE81D08335D003A0C0C /* Zeneggen */,
				435EFBFF1D08335D003A0C0C /* ZeneggenTests */,
				435EFC0A1D08335D003A0C0C /* ZeneggenUITests */,
				435EFBE71D08335D003A0C0C /* Products */,
				799256AF3480A6F6C7F161F5 /* Pods */,
				8F4EC0FF18AF35342E66A7E9 /* Frameworks */,
			);
			sourceTree = "<group>";
		};
		435EFBE71D08335D003A0C0C /* Products */ = {
			isa = PBXGroup;
			children = (
				435EFBE61D08335D003A0C0C /* Zeneggen.app */,
				435EFBFC1D08335D003A0C0C /* ZeneggenTests.xctest */,
				435EFC071D08335D003A0C0C /* ZeneggenUITests.xctest */,
			);
			name = Products;
			sourceTree = "<group>";
		};
		435EFBE81D08335D003A0C0C /* Zeneggen */ = {
			isa = PBXGroup;
			children = (
				437357B01D9916BC00C6E2D4 /* Zeneggen.entitlements */,
				43A4142F1D911FE200BB35BD /* About */,
				436723C41D77F37900911795 /* UniversalClasses */,
				435EFBE91D08335D003A0C0C /* AppDelegate.swift */,
				435EFBEB1D08335D003A0C0C /* MasterViewController.swift */,
				43A476131D0AF83D002F8437 /* secondMasterVC.swift */,
				435EFBED1D08335D003A0C0C /* DetailViewController.swift */,
				43EA20021DB0A314004B9D4B /* emergencyVC.swift */,
				43F8926C1D6DED7D00074BB1 /* Andere */,
				43F8926B1D6DED5A00074BB1 /* Kalender */,
				43F8926A1D6DED4800074BB1 /* Multimedia */,
				43F892691D6DED1700074BB1 /* Bistro */,
				43F892681D6DECFF00074BB1 /* Aktuelles */,
				43F8926D1D6DEE1400074BB1 /* Login */,
				43F8926E1D6DEE2900074BB1 /* Web */,
				435EFBF21D08335D003A0C0C /* Assets.xcassets */,
				437357B11D9E96E500C6E2D4 /* LaunchVC.swift */,
				435EFBF41D08335D003A0C0C /* LaunchScreen.storyboard */,
				435EFBF71D08335D003A0C0C /* Info.plist */,
				435EFC191D083519003A0C0C /* GoogleService-Info.plist */,
			);
			path = Zeneggen;
			sourceTree = "<group>";
		};
		435EFBFF1D08335D003A0C0C /* ZeneggenTests */ = {
			isa = PBXGroup;
			children = (
				435EFC001D08335D003A0C0C /* ZeneggenTests.swift */,
				435EFC021D08335D003A0C0C /* Info.plist */,
			);
			path = ZeneggenTests;
			sourceTree = "<group>";
		};
		435EFC0A1D08335D003A0C0C /* ZeneggenUITests */ = {
			isa = PBXGroup;
			children = (
				435EFC0B1D08335D003A0C0C /* ZeneggenUITests.swift */,
				435EFC0D1D08335D003A0C0C /* Info.plist */,
			);
			path = ZeneggenUITests;
			sourceTree = "<group>";
		};
		436723C41D77F37900911795 /* UniversalClasses */ = {
			isa = PBXGroup;
			children = (
				436723C21D77F37300911795 /* standardButton.swift */,
				436723C71D784BBF00911795 /* rectButton.swift */,
				436723C91D784C9200911795 /* secondaryRectButton.swift */,
				436723CB1D78591C00911795 /* standardText.swift */,
				436723CD1D785EC300911795 /* navigationController.swift */,
			);
			name = UniversalClasses;
			sourceTree = "<group>";
		};
		43A4142F1D911FE200BB35BD /* About */ = {
			isa = PBXGroup;
			children = (
				43A414301D91203400BB35BD /* developerInfoTVC.swift */,
			);
			name = About;
			sourceTree = "<group>";
		};
		43F892681D6DECFF00074BB1 /* Aktuelles */ = {
			isa = PBXGroup;
			children = (
				43F8926F1D6DEE3D00074BB1 /* CustomClasses */,
				43A476151D0DBAAB002F8437 /* aktuellesTVC.swift */,
				43BCA9BA1D118D0E009044BF /* aktuellesCell.swift */,
				43A476171D105D1D002F8437 /* addNewsVC.swift */,
			);
			name = Aktuelles;
			sourceTree = "<group>";
		};
		43F892691D6DED1700074BB1 /* Bistro */ = {
			isa = PBXGroup;
			children = (
				43DDB1711D2BB17000136C0D /* bistroMagusiiVC.swift */,
				4324104C1D38F17E00291A27 /* bistroMagusiiZeitenTVC.swift */,
				43DDB1731D2BC13E00136C0D /* bistroZeitenCell.swift */,
				43DDB1751D2D35D800136C0D /* addBistroZeitenVC.swift */,
				436723C51D77F70F00911795 /* detailTableCell.swift */,
				43C62E3B1D7DEF9900763368 /* personDetailTVCell.swift */,
			);
			name = Bistro;
			sourceTree = "<group>";
		};
		43F8926A1D6DED4800074BB1 /* Multimedia */ = {
			isa = PBXGroup;
			children = (
				43041D481D1AB81000CC4DC6 /* multimediaGallery.swift */,
				431926511D1BC67F0047F831 /* galleryCell.swift */,
				43DDB16F1D2AF9F400136C0D /* uploadMedia.swift */,
			);
			name = Multimedia;
			sourceTree = "<group>";
		};
		43F8926B1D6DED5A00074BB1 /* Kalender */ = {
			isa = PBXGroup;
			children = (
				431AB1491D1977860032D4EF /* kalenderTVC.swift */,
			);
			name = Kalender;
			sourceTree = "<group>";
		};
		43F8926C1D6DED7D00074BB1 /* Andere */ = {
			isa = PBXGroup;
			children = (
				433FC1C11D89779C002D33C5 /* genderVC.swift */,
				437087061D09B1380093DD2E /* notificationsWelcomeView.swift */,
				4327B1CB1D206B1D00FECD6A /* activityIndicatorV.swift */,
				436659F71D634A0600C9BD01 /* universalColors.swift */,
				43DDB16D1D2A7C7500136C0D /* externUniversalMethods.swift */,
			);
			name = Andere;
			sourceTree = "<group>";
		};
		43F8926D1D6DEE1400074BB1 /* Login */ = {
			isa = PBXGroup;
			children = (
				436659FB1D6C42CE00C9BD01 /* loginVC.swift */,
			);
			name = Login;
			sourceTree = "<group>";
		};
		43F8926E1D6DEE2900074BB1 /* Web */ = {
			isa = PBXGroup;
			children = (
				436659F91D64502600C9BD01 /* webStandardVC.swift */,
			);
			name = Web;
			sourceTree = "<group>";
		};
		43F8926F1D6DEE3D00074BB1 /* CustomClasses */ = {
			isa = PBXGroup;
			children = (
				43F892701D6DEE6000074BB1 /* TextField.swift */,
			);
			name = CustomClasses;
			sourceTree = "<group>";
		};
		799256AF3480A6F6C7F161F5 /* Pods */ = {
			isa = PBXGroup;
			children = (
				190550BFDA5860C9553FC763 /* Pods-Zeneggen.debug.xcconfig */,
				9CD28A858773275AF2B98F16 /* Pods-Zeneggen.release.xcconfig */,
			);
			name = Pods;
			sourceTree = "<group>";
		};
		8F4EC0FF18AF35342E66A7E9 /* Frameworks */ = {
			isa = PBXGroup;
			children = (
				9BFE14654AE4CA7627D2AB2F /* Pods_Zeneggen.framework */,
			);
			name = Frameworks;
			sourceTree = "<group>";
		};
/* End PBXGroup section */

/* Begin PBXNativeTarget section */
		435EFBE51D08335D003A0C0C /* Zeneggen */ = {
			isa = PBXNativeTarget;
			buildConfigurationList = 435EFC101D08335D003A0C0C /* Build configuration list for PBXNativeTarget "Zeneggen" */;
			buildPhases = (
				BBA9F1B0C6D262D0BB4DE24B /* [CP] Check Pods Manifest.lock */,
				435EFBE21D08335D003A0C0C /* Sources */,
				435EFBE31D08335D003A0C0C /* Frameworks */,
				435EFBE41D08335D003A0C0C /* Resources */,
				A260806F06CCD5488A970D65 /* [CP] Embed Pods Frameworks */,
				19613E87304CBF108AA7D600 /* [CP] Copy Pods Resources */,
			);
			buildRules = (
			);
			dependencies = (
			);
			name = Zeneggen;
			productName = Zeneggen;
			productReference = 435EFBE61D08335D003A0C0C /* Zeneggen.app */;
			productType = "com.apple.product-type.application";
		};
		435EFBFB1D08335D003A0C0C /* ZeneggenTests */ = {
			isa = PBXNativeTarget;
			buildConfigurationList = 435EFC131D08335D003A0C0C /* Build configuration list for PBXNativeTarget "ZeneggenTests" */;
			buildPhases = (
				435EFBF81D08335D003A0C0C /* Sources */,
				435EFBF91D08335D003A0C0C /* Frameworks */,
				435EFBFA1D08335D003A0C0C /* Resources */,
			);
			buildRules = (
			);
			dependencies = (
				435EFBFE1D08335D003A0C0C /* PBXTargetDependency */,
			);
			name = ZeneggenTests;
			productName = ZeneggenTests;
			productReference = 435EFBFC1D08335D003A0C0C /* ZeneggenTests.xctest */;
			productType = "com.apple.product-type.bundle.unit-test";
		};
		435EFC061D08335D003A0C0C /* ZeneggenUITests */ = {
			isa = PBXNativeTarget;
			buildConfigurationList = 435EFC161D08335D003A0C0C /* Build configuration list for PBXNativeTarget "ZeneggenUITests" */;
			buildPhases = (
				435EFC031D08335D003A0C0C /* Sources */,
				435EFC041D08335D003A0C0C /* Frameworks */,
				435EFC051D08335D003A0C0C /* Resources */,
			);
			buildRules = (
			);
			dependencies = (
				435EFC091D08335D003A0C0C /* PBXTargetDependency */,
			);
			name = ZeneggenUITests;
			productName = ZeneggenUITests;
			productReference = 435EFC071D08335D003A0C0C /* ZeneggenUITests.xctest */;
			productType = "com.apple.product-type.bundle.ui-testing";
		};
/* End PBXNativeTarget section */

/* Begin PBXProject section */
		435EFBDE1D08335D003A0C0C /* Project object */ = {
			isa = PBXProject;
			attributes = {
				LastSwiftUpdateCheck = 0730;
				LastUpgradeCheck = 0800;
				ORGANIZATIONNAME = "Benjamin Pfammatter";
				TargetAttributes = {
					435EFBE51D08335D003A0C0C = {
						CreatedOnToolsVersion = 7.3.1;
						DevelopmentTeam = B39PRGKD3F;
						LastSwiftMigration = 0800;
						SystemCapabilities = {
							com.apple.BackgroundModes = {
								enabled = 1;
							};
							com.apple.Push = {
								enabled = 1;
							};
						};
					};
					435EFBFB1D08335D003A0C0C = {
						CreatedOnToolsVersion = 7.3.1;
						LastSwiftMigration = 0800;
						TestTargetID = 435EFBE51D08335D003A0C0C;
					};
					435EFC061D08335D003A0C0C = {
						CreatedOnToolsVersion = 7.3.1;
						LastSwiftMigration = 0800;
						TestTargetID = 435EFBE51D08335D003A0C0C;
					};
				};
			};
			buildConfigurationList = 435EFBE11D08335D003A0C0C /* Build configuration list for PBXProject "Zeneggen" */;
			compatibilityVersion = "Xcode 3.2";
			developmentRegion = English;
			hasScannedForEncodings = 0;
			knownRegions = (
				en,
				Base,
			);
			mainGroup = 435EFBDD1D08335D003A0C0C;
			productRefGroup = 435EFBE71D08335D003A0C0C /* Products */;
			projectDirPath = "";
			projectRoot = "";
			targets = (
				435EFBE51D08335D003A0C0C /* Zeneggen */,
				435EFBFB1D08335D003A0C0C /* ZeneggenTests */,
				435EFC061D08335D003A0C0C /* ZeneggenUITests */,
			);
		};
/* End PBXProject section */

/* Begin PBXResourcesBuildPhase section */
		435EFBE41D08335D003A0C0C /* Resources */ = {
			isa = PBXResourcesBuildPhase;
			buildActionMask = 2147483647;
			files = (
				435EFBF61D08335D003A0C0C /* LaunchScreen.storyboard in Resources */,
				435EFC1A1D083519003A0C0C /* GoogleService-Info.plist in Resources */,
				435EFBF31D08335D003A0C0C /* Assets.xcassets in Resources */,
				435EFBF11D08335D003A0C0C /* Main.storyboard in Resources */,
			);
			runOnlyForDeploymentPostprocessing = 0;
		};
		435EFBFA1D08335D003A0C0C /* Resources */ = {
			isa = PBXResourcesBuildPhase;
			buildActionMask = 2147483647;
			files = (
			);
			runOnlyForDeploymentPostprocessing = 0;
		};
		435EFC051D08335D003A0C0C /* Resources */ = {
			isa = PBXResourcesBuildPhase;
			buildActionMask = 2147483647;
			files = (
			);
			runOnlyForDeploymentPostprocessing = 0;
		};
/* End PBXResourcesBuildPhase section */

/* Begin PBXShellScriptBuildPhase section */
		19613E87304CBF108AA7D600 /* [CP] Copy Pods Resources */ = {
			isa = PBXShellScriptBuildPhase;
			buildActionMask = 2147483647;
			files = (
			);
			inputPaths = (
			);
			name = "[CP] Copy Pods Resources";
			outputPaths = (
			);
			runOnlyForDeploymentPostprocessing = 0;
			shellPath = /bin/sh;
			shellScript = "\"${SRCROOT}/Pods/Target Support Files/Pods-Zeneggen/Pods-Zeneggen-resources.sh\"\n";
			showEnvVarsInLog = 0;
		};
		A260806F06CCD5488A970D65 /* [CP] Embed Pods Frameworks */ = {
			isa = PBXShellScriptBuildPhase;
			buildActionMask = 2147483647;
			files = (
			);
			inputPaths = (
			);
			name = "[CP] Embed Pods Frameworks";
			outputPaths = (
			);
			runOnlyForDeploymentPostprocessing = 0;
			shellPath = /bin/sh;
			shellScript = "\"${SRCROOT}/Pods/Target Support Files/Pods-Zeneggen/Pods-Zeneggen-frameworks.sh\"\n";
			showEnvVarsInLog = 0;
		};
		BBA9F1B0C6D262D0BB4DE24B /* [CP] Check Pods Manifest.lock */ = {
			isa = PBXShellScriptBuildPhase;
			buildActionMask = 2147483647;
			files = (
			);
			inputPaths = (
			);
			name = "[CP] Check Pods Manifest.lock";
			outputPaths = (
			);
			runOnlyForDeploymentPostprocessing = 0;
			shellPath = /bin/sh;
			shellScript = "diff \"${PODS_ROOT}/../Podfile.lock\" \"${PODS_ROOT}/Manifest.lock\" > /dev/null\nif [[ $? != 0 ]] ; then\n    cat << EOM\nerror: The sandbox is not in sync with the Podfile.lock. Run 'pod install' or update your CocoaPods installation.\nEOM\n    exit 1\nfi\n";
			showEnvVarsInLog = 0;
		};
/* End PBXShellScriptBuildPhase section */

/* Begin PBXSourcesBuildPhase section */
		435EFBE21D08335D003A0C0C /* Sources */ = {
			isa = PBXSourcesBuildPhase;
			buildActionMask = 2147483647;
			files = (
				436659F81D634A0600C9BD01 /* universalColors.swift in Sources */,
				43F892711D6DEE6000074BB1 /* TextField.swift in Sources */,
				436723C81D784BBF00911795 /* rectButton.swift in Sources */,
				43BCA9BB1D118D0E009044BF /* aktuellesCell.swift in Sources */,
				43DDB1701D2AF9F400136C0D /* uploadMedia.swift in Sources */,
				43041D491D1AB81000CC4DC6 /* multimediaGallery.swift in Sources */,
				43EA20031DB0A314004B9D4B /* emergencyVC.swift in Sources */,
				433FC1C21D89779C002D33C5 /* genderVC.swift in Sources */,
				43DDB1741D2BC13E00136C0D /* bistroZeitenCell.swift in Sources */,
				43A476181D105D1D002F8437 /* addNewsVC.swift in Sources */,
				435EFBEE1D08335D003A0C0C /* DetailViewController.swift in Sources */,
				43DDB1761D2D35D800136C0D /* addBistroZeitenVC.swift in Sources */,
				43C62E381D7D8DA700763368 /* test.swift in Sources */,
				43C62E3C1D7DEF9900763368 /* personDetailTVCell.swift in Sources */,
				435EFBEC1D08335D003A0C0C /* MasterViewController.swift in Sources */,
				436723C31D77F37300911795 /* standardButton.swift in Sources */,
				436723C61D77F70F00911795 /* detailTableCell.swift in Sources */,
				43A414311D91203400BB35BD /* developerInfoTVC.swift in Sources */,
				437087071D09B1380093DD2E /* notificationsWelcomeView.swift in Sources */,
				436659FC1D6C42CE00C9BD01 /* loginVC.swift in Sources */,
				435EFBEA1D08335D003A0C0C /* AppDelegate.swift in Sources */,
				43DDB16E1D2A7C7500136C0D /* externUniversalMethods.swift in Sources */,
				4324104D1D38F17E00291A27 /* bistroMagusiiZeitenTVC.swift in Sources */,
				4327B1CC1D206B1D00FECD6A /* activityIndicatorV.swift in Sources */,
				431926521D1BC67F0047F831 /* galleryCell.swift in Sources */,
				431AB14A1D1977860032D4EF /* kalenderTVC.swift in Sources */,
				43DDB1721D2BB17000136C0D /* bistroMagusiiVC.swift in Sources */,
				437357B21D9E96E500C6E2D4 /* LaunchVC.swift in Sources */,
				43A476161D0DBAAB002F8437 /* aktuellesTVC.swift in Sources */,
				436659FA1D64502600C9BD01 /* webStandardVC.swift in Sources */,
				436723CC1D78591C00911795 /* standardText.swift in Sources */,
				436723CE1D785EC300911795 /* navigationController.swift in Sources */,
				436723CA1D784C9200911795 /* secondaryRectButton.swift in Sources */,
				43A476141D0AF83D002F8437 /* secondMasterVC.swift in Sources */,
			);
			runOnlyForDeploymentPostprocessing = 0;
		};
		435EFBF81D08335D003A0C0C /* Sources */ = {
			isa = PBXSourcesBuildPhase;
			buildActionMask = 2147483647;
			files = (
				435EFC011D08335D003A0C0C /* ZeneggenTests.swift in Sources */,
			);
			runOnlyForDeploymentPostprocessing = 0;
		};
		435EFC031D08335D003A0C0C /* Sources */ = {
			isa = PBXSourcesBuildPhase;
			buildActionMask = 2147483647;
			files = (
				435EFC0C1D08335D003A0C0C /* ZeneggenUITests.swift in Sources */,
			);
			runOnlyForDeploymentPostprocessing = 0;
		};
/* End PBXSourcesBuildPhase section */

/* Begin PBXTargetDependency section */
		435EFBFE1D08335D003A0C0C /* PBXTargetDependency */ = {
			isa = PBXTargetDependency;
			target = 435EFBE51D08335D003A0C0C /* Zeneggen */;
			targetProxy = 435EFBFD1D08335D003A0C0C /* PBXContainerItemProxy */;
		};
		435EFC091D08335D003A0C0C /* PBXTargetDependency */ = {
			isa = PBXTargetDependency;
			target = 435EFBE51D08335D003A0C0C /* Zeneggen */;
			targetProxy = 435EFC081D08335D003A0C0C /* PBXContainerItemProxy */;
		};
/* End PBXTargetDependency section */

/* Begin PBXVariantGroup section */
		435EFBEF1D08335D003A0C0C /* Main.storyboard */ = {
			isa = PBXVariantGroup;
			children = (
				435EFBF01D08335D003A0C0C /* Base */,
			);
			name = Main.storyboard;
			path = Zeneggen;
			sourceTree = "<group>";
		};
		435EFBF41D08335D003A0C0C /* LaunchScreen.storyboard */ = {
			isa = PBXVariantGroup;
			children = (
				435EFBF51D08335D003A0C0C /* Base */,
			);
			name = LaunchScreen.storyboard;
			sourceTree = "<group>";
		};
/* End PBXVariantGroup section */

/* Begin XCBuildConfiguration section */
		435EFC0E1D08335D003A0C0C /* Debug */ = {
			isa = XCBuildConfiguration;
			buildSettings = {
				ALWAYS_SEARCH_USER_PATHS = NO;
				CLANG_ANALYZER_NONNULL = YES;
				CLANG_CXX_LANGUAGE_STANDARD = "gnu++0x";
				CLANG_CXX_LIBRARY = "libc++";
				CLANG_ENABLE_MODULES = YES;
				CLANG_ENABLE_OBJC_ARC = YES;
				CLANG_WARN_BOOL_CONVERSION = YES;
				CLANG_WARN_CONSTANT_CONVERSION = YES;
				CLANG_WARN_DIRECT_OBJC_ISA_USAGE = YES_ERROR;
				CLANG_WARN_EMPTY_BODY = YES;
				CLANG_WARN_ENUM_CONVERSION = YES;
				CLANG_WARN_INFINITE_RECURSION = YES;
				CLANG_WARN_INT_CONVERSION = YES;
				CLANG_WARN_OBJC_ROOT_CLASS = YES_ERROR;
				CLANG_WARN_SUSPICIOUS_MOVE = YES;
				CLANG_WARN_UNREACHABLE_CODE = YES;
				CLANG_WARN__DUPLICATE_METHOD_MATCH = YES;
				"CODE_SIGN_IDENTITY[sdk=iphoneos*]" = "iPhone Developer";
				COPY_PHASE_STRIP = NO;
				DEBUG_INFORMATION_FORMAT = dwarf;
				ENABLE_STRICT_OBJC_MSGSEND = YES;
				ENABLE_TESTABILITY = YES;
				GCC_C_LANGUAGE_STANDARD = gnu99;
				GCC_DYNAMIC_NO_PIC = NO;
				GCC_NO_COMMON_BLOCKS = YES;
				GCC_OPTIMIZATION_LEVEL = 0;
				GCC_PREPROCESSOR_DEFINITIONS = (
					"DEBUG=1",
					"$(inherited)",
				);
				GCC_WARN_64_TO_32_BIT_CONVERSION = YES;
				GCC_WARN_ABOUT_RETURN_TYPE = YES_ERROR;
				GCC_WARN_UNDECLARED_SELECTOR = YES;
				GCC_WARN_UNINITIALIZED_AUTOS = YES_AGGRESSIVE;
				GCC_WARN_UNUSED_FUNCTION = YES;
				GCC_WARN_UNUSED_VARIABLE = YES;
				IPHONEOS_DEPLOYMENT_TARGET = 9.3;
				MTL_ENABLE_DEBUG_INFO = YES;
				ONLY_ACTIVE_ARCH = YES;
				SDKROOT = iphoneos;
				SWIFT_OPTIMIZATION_LEVEL = "-Onone";
				TARGETED_DEVICE_FAMILY = "1,2";
			};
			name = Debug;
		};
		435EFC0F1D08335D003A0C0C /* Release */ = {
			isa = XCBuildConfiguration;
			buildSettings = {
				ALWAYS_SEARCH_USER_PATHS = NO;
				CLANG_ANALYZER_NONNULL = YES;
				CLANG_CXX_LANGUAGE_STANDARD = "gnu++0x";
				CLANG_CXX_LIBRARY = "libc++";
				CLANG_ENABLE_MODULES = YES;
				CLANG_ENABLE_OBJC_ARC = YES;
				CLANG_WARN_BOOL_CONVERSION = YES;
				CLANG_WARN_CONSTANT_CONVERSION = YES;
				CLANG_WARN_DIRECT_OBJC_ISA_USAGE = YES_ERROR;
				CLANG_WARN_EMPTY_BODY = YES;
				CLANG_WARN_ENUM_CONVERSION = YES;
				CLANG_WARN_INFINITE_RECURSION = YES;
				CLANG_WARN_INT_CONVERSION = YES;
				CLANG_WARN_OBJC_ROOT_CLASS = YES_ERROR;
				CLANG_WARN_SUSPICIOUS_MOVE = YES;
				CLANG_WARN_UNREACHABLE_CODE = YES;
				CLANG_WARN__DUPLICATE_METHOD_MATCH = YES;
				"CODE_SIGN_IDENTITY[sdk=iphoneos*]" = "iPhone Developer";
				COPY_PHASE_STRIP = NO;
				DEBUG_INFORMATION_FORMAT = "dwarf-with-dsym";
				ENABLE_NS_ASSERTIONS = NO;
				ENABLE_STRICT_OBJC_MSGSEND = YES;
				GCC_C_LANGUAGE_STANDARD = gnu99;
				GCC_NO_COMMON_BLOCKS = YES;
				GCC_WARN_64_TO_32_BIT_CONVERSION = YES;
				GCC_WARN_ABOUT_RETURN_TYPE = YES_ERROR;
				GCC_WARN_UNDECLARED_SELECTOR = YES;
				GCC_WARN_UNINITIALIZED_AUTOS = YES_AGGRESSIVE;
				GCC_WARN_UNUSED_FUNCTION = YES;
				GCC_WARN_UNUSED_VARIABLE = YES;
				IPHONEOS_DEPLOYMENT_TARGET = 9.3;
				MTL_ENABLE_DEBUG_INFO = NO;
				SDKROOT = iphoneos;
				SWIFT_OPTIMIZATION_LEVEL = "-Owholemodule";
				TARGETED_DEVICE_FAMILY = "1,2";
				VALIDATE_PRODUCT = YES;
			};
			name = Release;
		};
		435EFC111D08335D003A0C0C /* Debug */ = {
			isa = XCBuildConfiguration;
			baseConfigurationReference = 190550BFDA5860C9553FC763 /* Pods-Zeneggen.debug.xcconfig */;
			buildSettings = {
				ASSETCATALOG_COMPILER_APPICON_NAME = AppIcon;
				CODE_SIGN_ENTITLEMENTS = Zeneggen/Zeneggen.entitlements;
				CODE_SIGN_IDENTITY = "iPhone Developer";
				INFOPLIST_FILE = Zeneggen/Info.plist;
				LD_RUNPATH_SEARCH_PATHS = "$(inherited) @executable_path/Frameworks";
				PRODUCT_BUNDLE_IDENTIFIER = ch.benjaminpfammatter.zeneggen;
				PRODUCT_NAME = "$(TARGET_NAME)";
				SWIFT_VERSION = 3.0;
			};
			name = Debug;
		};
		435EFC121D08335D003A0C0C /* Release */ = {
			isa = XCBuildConfiguration;
			baseConfigurationReference = 9CD28A858773275AF2B98F16 /* Pods-Zeneggen.release.xcconfig */;
			buildSettings = {
				ASSETCATALOG_COMPILER_APPICON_NAME = AppIcon;
				CODE_SIGN_ENTITLEMENTS = Zeneggen/Zeneggen.entitlements;
				CODE_SIGN_IDENTITY = "iPhone Developer";
				INFOPLIST_FILE = Zeneggen/Info.plist;
				LD_RUNPATH_SEARCH_PATHS = "$(inherited) @executable_path/Frameworks";
				PRODUCT_BUNDLE_IDENTIFIER = ch.benjaminpfammatter.zeneggen;
				PRODUCT_NAME = "$(TARGET_NAME)";
				SWIFT_VERSION = 3.0;
			};
			name = Release;
		};
		435EFC141D08335D003A0C0C /* Debug */ = {
			isa = XCBuildConfiguration;
			buildSettings = {
				BUNDLE_LOADER = "$(TEST_HOST)";
				INFOPLIST_FILE = ZeneggenTests/Info.plist;
				LD_RUNPATH_SEARCH_PATHS = "$(inherited) @executable_path/Frameworks @loader_path/Frameworks";
				PRODUCT_BUNDLE_IDENTIFIER = ch.benjaminpfammatter.ZeneggenTests;
				PRODUCT_NAME = "$(TARGET_NAME)";
				SWIFT_VERSION = 3.0;
				TEST_HOST = "$(BUILT_PRODUCTS_DIR)/Zeneggen.app/Zeneggen";
			};
			name = Debug;
		};
		435EFC151D08335D003A0C0C /* Release */ = {
			isa = XCBuildConfiguration;
			buildSettings = {
				BUNDLE_LOADER = "$(TEST_HOST)";
				INFOPLIST_FILE = ZeneggenTests/Info.plist;
				LD_RUNPATH_SEARCH_PATHS = "$(inherited) @executable_path/Frameworks @loader_path/Frameworks";
				PRODUCT_BUNDLE_IDENTIFIER = ch.benjaminpfammatter.ZeneggenTests;
				PRODUCT_NAME = "$(TARGET_NAME)";
				SWIFT_VERSION = 3.0;
				TEST_HOST = "$(BUILT_PRODUCTS_DIR)/Zeneggen.app/Zeneggen";
			};
			name = Release;
		};
		435EFC171D08335D003A0C0C /* Debug */ = {
			isa = XCBuildConfiguration;
			buildSettings = {
				INFOPLIST_FILE = ZeneggenUITests/Info.plist;
				LD_RUNPATH_SEARCH_PATHS = "$(inherited) @executable_path/Frameworks @loader_path/Frameworks";
				PRODUCT_BUNDLE_IDENTIFIER = ch.benjaminpfammatter.ZeneggenUITests;
				PRODUCT_NAME = "$(TARGET_NAME)";
				SWIFT_VERSION = 3.0;
				TEST_TARGET_NAME = Zeneggen;
			};
			name = Debug;
		};
		435EFC181D08335D003A0C0C /* Release */ = {
			isa = XCBuildConfiguration;
			buildSettings = {
				INFOPLIST_FILE = ZeneggenUITests/Info.plist;
				LD_RUNPATH_SEARCH_PATHS = "$(inherited) @executable_path/Frameworks @loader_path/Frameworks";
				PRODUCT_BUNDLE_IDENTIFIER = ch.benjaminpfammatter.ZeneggenUITests;
				PRODUCT_NAME = "$(TARGET_NAME)";
				SWIFT_VERSION = 3.0;
				TEST_TARGET_NAME = Zeneggen;
			};
			name = Release;
		};
/* End XCBuildConfiguration section */

/* Begin XCConfigurationList section */
		435EFBE11D08335D003A0C0C /* Build configuration list for PBXProject "Zeneggen" */ = {
			isa = XCConfigurationList;
			buildConfigurations = (
				435EFC0E1D08335D003A0C0C /* Debug */,
				435EFC0F1D08335D003A0C0C /* Release */,
			);
			defaultConfigurationIsVisible = 0;
			defaultConfigurationName = Release;
		};
		435EFC101D08335D003A0C0C /* Build configuration list for PBXNativeTarget "Zeneggen" */ = {
			isa = XCConfigurationList;
			buildConfigurations = (
				435EFC111D08335D003A0C0C /* Debug */,
				435EFC121D08335D003A0C0C /* Release */,
			);
			defaultConfigurationIsVisible = 0;
			defaultConfigurationName = Release;
		};
		435EFC131D08335D003A0C0C /* Build configuration list for PBXNativeTarget "ZeneggenTests" */ = {
			isa = XCConfigurationList;
			buildConfigurations = (
				435EFC141D08335D003A0C0C /* Debug */,
				435EFC151D08335D003A0C0C /* Release */,
			);
			defaultConfigurationIsVisible = 0;
			defaultConfigurationName = Release;
		};
		435EFC161D08335D003A0C0C /* Build configuration list for PBXNativeTarget "ZeneggenUITests" */ = {
			isa = XCConfigurationList;
			buildConfigurations = (
				435EFC171D08335D003A0C0C /* Debug */,
				435EFC181D08335D003A0C0C /* Release */,
			);
			defaultConfigurationIsVisible = 0;
			defaultConfigurationName = Release;
		};
/* End XCConfigurationList section */
	};
	rootObject = 435EFBDE1D08335D003A0C0C /* Project object */;
}
